
Microsoft Visual Studio Solution File, Format Version 12.00
# Visual Studio Version 17
VisualStudioVersion = 17.2.32630.192
MinimumVisualStudioVersion = 10.0.40219.1
Project("{9A19103F-16F7-4668-BE54-9A1E7A4F7556}") = "API", "API.csproj", "{49747AF8-006D-4419-87FB-D2434483EA7E}"
	ProjectSection(ProjectDependencies) = postProject
		{467683EC-801F-4F3F-973A-3BE9E017332E} = {467683EC-801F-4F3F-973A-3BE9E017332E}
	EndProjectSection
EndProject
Project("{9A19103F-16F7-4668-BE54-9A1E7A4F7556}") = "Infrastructure", "..\Infrastructure\Infrastructure.csproj", "{467683EC-801F-4F3F-973A-3BE9E017332E}"
	ProjectSection(ProjectDependencies) = postProject
		{EEAE310F-094B-4B75-83D6-CFEEC133E068} = {EEAE310F-094B-4B75-83D6-CFEEC133E068}
	EndProjectSection
EndProject
Project("{9A19103F-16F7-4668-BE54-9A1E7A4F7556}") = "Core", "..\Core\Core.csproj", "{EEAE310F-094B-4B75-83D6-CFEEC133E068}"
EndProject
Global
	GlobalSection(SolutionConfigurationPlatforms) = preSolution
		Debug|Any CPU = Debug|Any CPU
		Release|Any CPU = Release|Any CPU
	EndGlobalSection
	GlobalSection(ProjectConfigurationPlatforms) = postSolution
		{49747AF8-006D-4419-87FB-D2434483EA7E}.Debug|Any CPU.ActiveCfg = Debug|Any CPU
		{49747AF8-006D-4419-87FB-D2434483EA7E}.Debug|Any CPU.Build.0 = Debug|Any CPU
		{49747AF8-006D-4419-87FB-D2434483EA7E}.Release|Any CPU.ActiveCfg = Release|Any CPU
		{49747AF8-006D-4419-87FB-D2434483EA7E}.Release|Any CPU.Build.0 = Release|Any CPU
		{467683EC-801F-4F3F-973A-3BE9E017332E}.Debug|Any CPU.ActiveCfg = Debug|Any CPU
		{467683EC-801F-4F3F-973A-3BE9E017332E}.Debug|Any CPU.Build.0 = Debug|Any CPU
		{467683EC-801F-4F3F-973A-3BE9E017332E}.Release|Any CPU.ActiveCfg = Release|Any CPU
		{467683EC-801F-4F3F-973A-3BE9E017332E}.Release|Any CPU.Build.0 = Release|Any CPU
		{EEAE310F-094B-4B75-83D6-CFEEC133E068}.Debug|Any CPU.ActiveCfg = Debug|Any CPU
		{EEAE310F-094B-4B75-83D6-CFEEC133E068}.Debug|Any CPU.Build.0 = Debug|Any CPU
		{EEAE310F-094B-4B75-83D6-CFEEC133E068}.Release|Any CPU.ActiveCfg = Release|Any CPU
		{EEAE310F-094B-4B75-83D6-CFEEC133E068}.Release|Any CPU.Build.0 = Release|Any CPU
	EndGlobalSection
	GlobalSection(SolutionProperties) = preSolution
		HideSolutionNode = FALSE
	EndGlobalSection
	GlobalSection(ExtensibilityGlobals) = postSolution
		SolutionGuid = {93006AE6-81BD-4606-AA98-88919E4C7025}
	EndGlobalSection
EndGlobal
